
Microsoft Visual Studio Solution File, Format Version 12.00
# Visual Studio Version 17
VisualStudioVersion = 17.4.33213.308
MinimumVisualStudioVersion = 10.0.40219.1
Project("{FAE04EC0-301F-11D3-BF4B-00C04F79EFBC}") = "TelegrammParser", "TelegrammParser\TelegrammParser.csproj", "{8EB2ED5A-D661-435F-80BE-0FED32860429}"
EndProject
Global
	GlobalSection(SolutionConfigurationPlatforms) = preSolution
		Debug|Any CPU = Debug|Any CPU
		Release|Any CPU = Release|Any CPU
	EndGlobalSection
	GlobalSection(ProjectConfigurationPlatforms) = postSolution
		{8EB2ED5A-D661-435F-80BE-0FED32860429}.Debug|Any CPU.ActiveCfg = Debug|Any CPU
		{8EB2ED5A-D661-435F-80BE-0FED32860429}.Debug|Any CPU.Build.0 = Debug|Any CPU
		{8EB2ED5A-D661-435F-80BE-0FED32860429}.Release|Any CPU.ActiveCfg = Release|Any CPU
		{8EB2ED5A-D661-435F-80BE-0FED32860429}.Release|Any CPU.Build.0 = Release|Any CPU
	EndGlobalSection
	GlobalSection(SolutionProperties) = preSolution
		HideSolutionNode = FALSE
	EndGlobalSection
	GlobalSection(ExtensibilityGlobals) = postSolution
		SolutionGuid = {3D2848CC-2E36-4CE4-9A60-A61810693CCD}
	EndGlobalSection
EndGlobal
